
Microsoft Visual Studio Solution File, Format Version 12.00
# Visual Studio Version 16
VisualStudioVersion = 16.0.30621.155
MinimumVisualStudioVersion = 10.0.40219.1
Project("{9A19103F-16F7-4668-BE54-9A1E7A4F7556}") = "project-for-jenkins-website", "project-for-jenkins-website\project-for-jenkins-website.csproj", "{EB554EA6-59EA-4241-B1C6-FF8139084F58}"
EndProject
Project("{E53339B2-1760-4266-BCC7-CA923CBCF16C}") = "docker-compose", "docker-compose.dcproj", "{F646BE12-C7DA-4987-A495-CE9D688F0513}"
EndProject
Global
	GlobalSection(SolutionConfigurationPlatforms) = preSolution
		Debug|Any CPU = Debug|Any CPU
		Release|Any CPU = Release|Any CPU
	EndGlobalSection
	GlobalSection(ProjectConfigurationPlatforms) = postSolution
		{EB554EA6-59EA-4241-B1C6-FF8139084F58}.Debug|Any CPU.ActiveCfg = Debug|Any CPU
		{EB554EA6-59EA-4241-B1C6-FF8139084F58}.Debug|Any CPU.Build.0 = Debug|Any CPU
		{EB554EA6-59EA-4241-B1C6-FF8139084F58}.Release|Any CPU.ActiveCfg = Release|Any CPU
		{EB554EA6-59EA-4241-B1C6-FF8139084F58}.Release|Any CPU.Build.0 = Release|Any CPU
		{F646BE12-C7DA-4987-A495-CE9D688F0513}.Debug|Any CPU.ActiveCfg = Debug|Any CPU
		{F646BE12-C7DA-4987-A495-CE9D688F0513}.Debug|Any CPU.Build.0 = Debug|Any CPU
		{F646BE12-C7DA-4987-A495-CE9D688F0513}.Release|Any CPU.ActiveCfg = Release|Any CPU
		{F646BE12-C7DA-4987-A495-CE9D688F0513}.Release|Any CPU.Build.0 = Release|Any CPU
	EndGlobalSection
	GlobalSection(SolutionProperties) = preSolution
		HideSolutionNode = FALSE
	EndGlobalSection
	GlobalSection(ExtensibilityGlobals) = postSolution
		SolutionGuid = {6D2D1334-E95F-434A-82A4-98ED2CD9C537}
	EndGlobalSection
EndGlobal
